
Microsoft Visual Studio Solution File, Format Version 12.00
# Visual Studio Version 17
VisualStudioVersion = 17.1.32210.238
MinimumVisualStudioVersion = 10.0.40219.1
Project("{FAE04EC0-301F-11D3-BF4B-00C04F79EFBC}") = "Metal Ui", "Metal Ui\Metal Ui.csproj", "{64F68AC5-4E2A-4502-922F-469372C0ACB3}"
EndProject
Global
	GlobalSection(SolutionConfigurationPlatforms) = preSolution
		Debug|Any CPU = Debug|Any CPU
		Release|Any CPU = Release|Any CPU
	EndGlobalSection
	GlobalSection(ProjectConfigurationPlatforms) = postSolution
		{64F68AC5-4E2A-4502-922F-469372C0ACB3}.Debug|Any CPU.ActiveCfg = Debug|Any CPU
		{64F68AC5-4E2A-4502-922F-469372C0ACB3}.Debug|Any CPU.Build.0 = Debug|Any CPU
		{64F68AC5-4E2A-4502-922F-469372C0ACB3}.Release|Any CPU.ActiveCfg = Release|Any CPU
		{64F68AC5-4E2A-4502-922F-469372C0ACB3}.Release|Any CPU.Build.0 = Release|Any CPU
	EndGlobalSection
	GlobalSection(SolutionProperties) = preSolution
		HideSolutionNode = FALSE
	EndGlobalSection
	GlobalSection(ExtensibilityGlobals) = postSolution
		SolutionGuid = {C189D62B-2B5C-4BB2-A755-E313142DA94C}
	EndGlobalSection
EndGlobal
